
Microsoft Visual Studio Solution File, Format Version 12.00
Project("{FAE04EC0-301F-11D3-BF4B-00C04F79EFBC}") = "Domain", "Domain\Domain.csproj", "{B5A701E6-4AF4-4800-9D78-ABA76FB08B03}"
EndProject
Project("{FAE04EC0-301F-11D3-BF4B-00C04F79EFBC}") = "Application", "Application\Application.csproj", "{C024607D-6F63-4DFA-A15F-D63D114C7172}"
EndProject
Project("{FAE04EC0-301F-11D3-BF4B-00C04F79EFBC}") = "Infrastructure", "Infrastructure\Infrastructure.csproj", "{05FBAA7C-8E30-412F-9E0F-9516C05E05D1}"
EndProject
Project("{FAE04EC0-301F-11D3-BF4B-00C04F79EFBC}") = "WebApi.IntegrationTests", "WebApi.IntegrationTests\WebApi.IntegrationTests.csproj", "{5BD14323-4B0A-4C29-8522-ABC124FEAB19}"
EndProject
Project("{FAE04EC0-301F-11D3-BF4B-00C04F79EFBC}") = "Application.UnitTests", "Application.UnitTests\Application.UnitTests.csproj", "{898EF3DE-09EC-4BB0-AC23-1C77546E6701}"
EndProject
Project("{FAE04EC0-301F-11D3-BF4B-00C04F79EFBC}") = "WebApi", "WebApi\WebApi.csproj", "{D0978A33-9D04-4B9C-AB69-0B2AB4B777B4}"
EndProject
Project("{2150E333-8FDC-42A3-9474-1A3956D46DE8}") = "src", "src", "{11DFE997-8813-4FFA-9D36-DF9066510428}"
EndProject
Project("{2150E333-8FDC-42A3-9474-1A3956D46DE8}") = "tests", "tests", "{14522164-48B9-48FE-83E9-D416641182A6}"
EndProject
Global
	GlobalSection(SolutionConfigurationPlatforms) = preSolution
		Debug|Any CPU = Debug|Any CPU
		Release|Any CPU = Release|Any CPU
	EndGlobalSection
	GlobalSection(NestedProjects) = preSolution
		{C024607D-6F63-4DFA-A15F-D63D114C7172} = {11DFE997-8813-4FFA-9D36-DF9066510428}
		{B5A701E6-4AF4-4800-9D78-ABA76FB08B03} = {11DFE997-8813-4FFA-9D36-DF9066510428}
		{D0978A33-9D04-4B9C-AB69-0B2AB4B777B4} = {11DFE997-8813-4FFA-9D36-DF9066510428}
		{05FBAA7C-8E30-412F-9E0F-9516C05E05D1} = {11DFE997-8813-4FFA-9D36-DF9066510428}
		{898EF3DE-09EC-4BB0-AC23-1C77546E6701} = {14522164-48B9-48FE-83E9-D416641182A6}
		{5BD14323-4B0A-4C29-8522-ABC124FEAB19} = {14522164-48B9-48FE-83E9-D416641182A6}
	EndGlobalSection
	GlobalSection(ProjectConfigurationPlatforms) = postSolution
		{B5A701E6-4AF4-4800-9D78-ABA76FB08B03}.Debug|Any CPU.ActiveCfg = Debug|Any CPU
		{B5A701E6-4AF4-4800-9D78-ABA76FB08B03}.Debug|Any CPU.Build.0 = Debug|Any CPU
		{B5A701E6-4AF4-4800-9D78-ABA76FB08B03}.Release|Any CPU.ActiveCfg = Release|Any CPU
		{B5A701E6-4AF4-4800-9D78-ABA76FB08B03}.Release|Any CPU.Build.0 = Release|Any CPU
		{C024607D-6F63-4DFA-A15F-D63D114C7172}.Debug|Any CPU.ActiveCfg = Debug|Any CPU
		{C024607D-6F63-4DFA-A15F-D63D114C7172}.Debug|Any CPU.Build.0 = Debug|Any CPU
		{C024607D-6F63-4DFA-A15F-D63D114C7172}.Release|Any CPU.ActiveCfg = Release|Any CPU
		{C024607D-6F63-4DFA-A15F-D63D114C7172}.Release|Any CPU.Build.0 = Release|Any CPU
		{05FBAA7C-8E30-412F-9E0F-9516C05E05D1}.Debug|Any CPU.ActiveCfg = Debug|Any CPU
		{05FBAA7C-8E30-412F-9E0F-9516C05E05D1}.Debug|Any CPU.Build.0 = Debug|Any CPU
		{05FBAA7C-8E30-412F-9E0F-9516C05E05D1}.Release|Any CPU.ActiveCfg = Release|Any CPU
		{05FBAA7C-8E30-412F-9E0F-9516C05E05D1}.Release|Any CPU.Build.0 = Release|Any CPU
		{5BD14323-4B0A-4C29-8522-ABC124FEAB19}.Debug|Any CPU.ActiveCfg = Debug|Any CPU
		{5BD14323-4B0A-4C29-8522-ABC124FEAB19}.Debug|Any CPU.Build.0 = Debug|Any CPU
		{5BD14323-4B0A-4C29-8522-ABC124FEAB19}.Release|Any CPU.ActiveCfg = Release|Any CPU
		{5BD14323-4B0A-4C29-8522-ABC124FEAB19}.Release|Any CPU.Build.0 = Release|Any CPU
		{898EF3DE-09EC-4BB0-AC23-1C77546E6701}.Debug|Any CPU.ActiveCfg = Debug|Any CPU
		{898EF3DE-09EC-4BB0-AC23-1C77546E6701}.Debug|Any CPU.Build.0 = Debug|Any CPU
		{898EF3DE-09EC-4BB0-AC23-1C77546E6701}.Release|Any CPU.ActiveCfg = Release|Any CPU
		{898EF3DE-09EC-4BB0-AC23-1C77546E6701}.Release|Any CPU.Build.0 = Release|Any CPU
		{D0978A33-9D04-4B9C-AB69-0B2AB4B777B4}.Debug|Any CPU.ActiveCfg = Debug|Any CPU
		{D0978A33-9D04-4B9C-AB69-0B2AB4B777B4}.Debug|Any CPU.Build.0 = Debug|Any CPU
		{D0978A33-9D04-4B9C-AB69-0B2AB4B777B4}.Release|Any CPU.ActiveCfg = Release|Any CPU
		{D0978A33-9D04-4B9C-AB69-0B2AB4B777B4}.Release|Any CPU.Build.0 = Release|Any CPU
	EndGlobalSection
EndGlobal
